
Microsoft Visual Studio Solution File, Format Version 12.00
# Visual Studio Version 17
VisualStudioVersion = 17.5.002.0
MinimumVisualStudioVersion = 10.0.40219.1
Project("{9A19103F-16F7-4668-BE54-9A1E7A4F7556}") = "Homies", "Homies.csproj", "{ECE512EC-41AD-44C7-A540-4C2DCB649854}"
EndProject
Global
	GlobalSection(SolutionConfigurationPlatforms) = preSolution
		Debug|Any CPU = Debug|Any CPU
		Release|Any CPU = Release|Any CPU
	EndGlobalSection
	GlobalSection(ProjectConfigurationPlatforms) = postSolution
		{ECE512EC-41AD-44C7-A540-4C2DCB649854}.Debug|Any CPU.ActiveCfg = Debug|Any CPU
		{ECE512EC-41AD-44C7-A540-4C2DCB649854}.Debug|Any CPU.Build.0 = Debug|Any CPU
		{ECE512EC-41AD-44C7-A540-4C2DCB649854}.Release|Any CPU.ActiveCfg = Release|Any CPU
		{ECE512EC-41AD-44C7-A540-4C2DCB649854}.Release|Any CPU.Build.0 = Release|Any CPU
	EndGlobalSection
	GlobalSection(SolutionProperties) = preSolution
		HideSolutionNode = FALSE
	EndGlobalSection
	GlobalSection(ExtensibilityGlobals) = postSolution
		SolutionGuid = {7EBE3D0D-0AB7-48CC-A79A-0A1412D1B1A9}
	EndGlobalSection
EndGlobal
